
Microsoft Visual Studio Solution File, Format Version 12.00
# Visual Studio 15
VisualStudioVersion = 15.0.28307.421
MinimumVisualStudioVersion = 10.0.40219.1
Project("{FAE04EC0-301F-11D3-BF4B-00C04F79EFBC}") = "Practica02.Android", "Practica02\Practica02.Android\Practica02.Android.csproj", "{591DD65B-4177-4AF5-964A-AD92F2C790E2}"
EndProject
Project("{FAE04EC0-301F-11D3-BF4B-00C04F79EFBC}") = "Practica02", "Practica02\Practica02\Practica02.csproj", "{1D81C852-A60C-458A-ADF9-35E6FDD490FD}"
EndProject
Global
	GlobalSection(SolutionConfigurationPlatforms) = preSolution
		Debug|Any CPU = Debug|Any CPU
		Release|Any CPU = Release|Any CPU
	EndGlobalSection
	GlobalSection(ProjectConfigurationPlatforms) = postSolution
		{591DD65B-4177-4AF5-964A-AD92F2C790E2}.Debug|Any CPU.ActiveCfg = Debug|Any CPU
		{591DD65B-4177-4AF5-964A-AD92F2C790E2}.Debug|Any CPU.Build.0 = Debug|Any CPU
		{591DD65B-4177-4AF5-964A-AD92F2C790E2}.Debug|Any CPU.Deploy.0 = Debug|Any CPU
		{591DD65B-4177-4AF5-964A-AD92F2C790E2}.Release|Any CPU.ActiveCfg = Release|Any CPU
		{591DD65B-4177-4AF5-964A-AD92F2C790E2}.Release|Any CPU.Build.0 = Release|Any CPU
		{591DD65B-4177-4AF5-964A-AD92F2C790E2}.Release|Any CPU.Deploy.0 = Release|Any CPU
		{1D81C852-A60C-458A-ADF9-35E6FDD490FD}.Debug|Any CPU.ActiveCfg = Debug|Any CPU
		{1D81C852-A60C-458A-ADF9-35E6FDD490FD}.Debug|Any CPU.Build.0 = Debug|Any CPU
		{1D81C852-A60C-458A-ADF9-35E6FDD490FD}.Debug|Any CPU.Deploy.0 = Debug|Any CPU
		{1D81C852-A60C-458A-ADF9-35E6FDD490FD}.Release|Any CPU.ActiveCfg = Release|Any CPU
		{1D81C852-A60C-458A-ADF9-35E6FDD490FD}.Release|Any CPU.Build.0 = Release|Any CPU
		{1D81C852-A60C-458A-ADF9-35E6FDD490FD}.Release|Any CPU.Deploy.0 = Release|Any CPU
	EndGlobalSection
	GlobalSection(SolutionProperties) = preSolution
		HideSolutionNode = FALSE
	EndGlobalSection
	GlobalSection(ExtensibilityGlobals) = postSolution
		SolutionGuid = {17008A2F-9B41-4D24-99FE-8F8E62D39984}
	EndGlobalSection
EndGlobal
